// !$*UTF8*$!
{
	archiveVersion = 1;
	classes = {
	};
	objectVersion = 46;
	objects = {

/* Begin PBXBuildFile section */
		A628CC4D1DFAB1FA0008577A /* AppDelegate.swift in Sources */ = {isa = PBXBuildFile; fileRef = A628CC4C1DFAB1FA0008577A /* AppDelegate.swift */; };
		A628CC4F1DFAB1FA0008577A /* ViewController.swift in Sources */ = {isa = PBXBuildFile; fileRef = A628CC4E1DFAB1FA0008577A /* ViewController.swift */; };
		A628CC541DFAB1FA0008577A /* Assets.xcassets in Resources */ = {isa = PBXBuildFile; fileRef = A628CC531DFAB1FA0008577A /* Assets.xcassets */; };
		A628CC571DFAB1FA0008577A /* LaunchScreen.storyboard in Resources */ = {isa = PBXBuildFile; fileRef = A628CC551DFAB1FA0008577A /* LaunchScreen.storyboard */; };
		A628CC851DFABDEC0008577A /* APIClient.swift in Sources */ = {isa = PBXBuildFile; fileRef = A628CC841DFABDEC0008577A /* APIClient.swift */; };
		A628CC881DFABE110008577A /* HTTPStatusCodeError.swift in Sources */ = {isa = PBXBuildFile; fileRef = A628CC871DFABE110008577A /* HTTPStatusCodeError.swift */; };
		A628CC8A1DFABED50008577A /* ResourceAPIClient.swift in Sources */ = {isa = PBXBuildFile; fileRef = A628CC891DFABED50008577A /* ResourceAPIClient.swift */; };
		A628CC8D1DFAC1160008577A /* Resource.swift in Sources */ = {isa = PBXBuildFile; fileRef = A628CC8C1DFAC1160008577A /* Resource.swift */; };
		A628CC8F1DFAC1610008577A /* Movie.swift in Sources */ = {isa = PBXBuildFile; fileRef = A628CC8E1DFAC1610008577A /* Movie.swift */; };
		A628CC911DFAC2800008577A /* Genre.swift in Sources */ = {isa = PBXBuildFile; fileRef = A628CC901DFAC2800008577A /* Genre.swift */; };
		A628CC931DFAC2BF0008577A /* ProductionCompany.swift in Sources */ = {isa = PBXBuildFile; fileRef = A628CC921DFAC2BF0008577A /* ProductionCompany.swift */; };
		A628CC951DFAC3100008577A /* ProductionCountry.swift in Sources */ = {isa = PBXBuildFile; fileRef = A628CC941DFAC3100008577A /* ProductionCountry.swift */; };
		A628CC971DFAC35B0008577A /* SpokenLanguage.swift in Sources */ = {isa = PBXBuildFile; fileRef = A628CC961DFAC35B0008577A /* SpokenLanguage.swift */; };
		A628CC991DFAC9AC0008577A /* MovieHead.swift in Sources */ = {isa = PBXBuildFile; fileRef = A628CC981DFAC9AC0008577A /* MovieHead.swift */; };
		A628CC9B1DFACD1B0008577A /* Collection.swift in Sources */ = {isa = PBXBuildFile; fileRef = A628CC9A1DFACD1B0008577A /* Collection.swift */; };
		A628CC9D1DFAE6DB0008577A /* Credits.swift in Sources */ = {isa = PBXBuildFile; fileRef = A628CC9C1DFAE6DB0008577A /* Credits.swift */; };
		A628CC9F1DFAE6E60008577A /* Cast.swift in Sources */ = {isa = PBXBuildFile; fileRef = A628CC9E1DFAE6E60008577A /* Cast.swift */; };
		A628CCA11DFAE82F0008577A /* Crew.swift in Sources */ = {isa = PBXBuildFile; fileRef = A628CCA01DFAE82F0008577A /* Crew.swift */; };
		A628CCA31DFB068B0008577A /* Keyword.swift in Sources */ = {isa = PBXBuildFile; fileRef = A628CCA21DFB068B0008577A /* Keyword.swift */; };
		A628CCA51DFB072C0008577A /* Keywords.swift in Sources */ = {isa = PBXBuildFile; fileRef = A628CCA41DFB072C0008577A /* Keywords.swift */; };
		A628CCA71DFBF5C10008577A /* Pic.swift in Sources */ = {isa = PBXBuildFile; fileRef = A628CCA61DFBF5C10008577A /* Pic.swift */; };
		A628CCA91DFBF7360008577A /* Image.swift in Sources */ = {isa = PBXBuildFile; fileRef = A628CCA81DFBF7360008577A /* Image.swift */; };
		A628CCAB1DFBF94C0008577A /* Person.swift in Sources */ = {isa = PBXBuildFile; fileRef = A628CCAA1DFBF94C0008577A /* Person.swift */; };
		A628CCAD1DFBFE4F0008577A /* PersonImage.swift in Sources */ = {isa = PBXBuildFile; fileRef = A628CCAC1DFBFE4F0008577A /* PersonImage.swift */; };
		A628CCB01DFC00930008577A /* ConfigurationImage.swift in Sources */ = {isa = PBXBuildFile; fileRef = A628CCAF1DFC00930008577A /* ConfigurationImage.swift */; };
		A628CCB21DFC01920008577A /* Configuration.swift in Sources */ = {isa = PBXBuildFile; fileRef = A628CCB11DFC01920008577A /* Configuration.swift */; };
		A628CCB51DFC05BB0008577A /* StringArrayExtension.swift in Sources */ = {isa = PBXBuildFile; fileRef = A628CCB41DFC05BB0008577A /* StringArrayExtension.swift */; };
		A628CCBD1DFC149C0008577A /* Timezone.swift in Sources */ = {isa = PBXBuildFile; fileRef = A628CCBC1DFC149C0008577A /* Timezone.swift */; };
		A628CCC21DFC2BBC0008577A /* Jobs.swift in Sources */ = {isa = PBXBuildFile; fileRef = A628CCC11DFC2BBC0008577A /* Jobs.swift */; };
		A628CCC41DFC2C480008577A /* Job.swift in Sources */ = {isa = PBXBuildFile; fileRef = A628CCC31DFC2C480008577A /* Job.swift */; };
		A628CCC71DFC37970008577A /* Page.swift in Sources */ = {isa = PBXBuildFile; fileRef = A628CCC61DFC37970008577A /* Page.swift */; };
		A64AB0401DFE97D30049BEA1 /* SelectWeightsViewController.swift in Sources */ = {isa = PBXBuildFile; fileRef = A64AB03F1DFE97D30049BEA1 /* SelectWeightsViewController.swift */; };
		A64AB0431DFE9D370049BEA1 /* Watcher.swift in Sources */ = {isa = PBXBuildFile; fileRef = A64AB0421DFE9D370049BEA1 /* Watcher.swift */; };
		A64AB0471DFED1800049BEA1 /* AppColors.swift in Sources */ = {isa = PBXBuildFile; fileRef = A64AB0461DFED1800049BEA1 /* AppColors.swift */; };
		A64AB0681DFEDA850049BEA1 /* appicon.png in Resources */ = {isa = PBXBuildFile; fileRef = A64AB0521DFEDA850049BEA1 /* appicon.png */; };
		A64AB0691DFEDA850049BEA1 /* appicon@2x.png in Resources */ = {isa = PBXBuildFile; fileRef = A64AB0531DFEDA850049BEA1 /* appicon@2x.png */; };
		A64AB06A1DFEDA850049BEA1 /* appicon@3x.png in Resources */ = {isa = PBXBuildFile; fileRef = A64AB0541DFEDA850049BEA1 /* appicon@3x.png */; };
		A64AB06B1DFEDA850049BEA1 /* bg-iphone4.png in Resources */ = {isa = PBXBuildFile; fileRef = A64AB0551DFEDA850049BEA1 /* bg-iphone4.png */; };
		A64AB06C1DFEDA850049BEA1 /* bg-iphone5.png in Resources */ = {isa = PBXBuildFile; fileRef = A64AB0561DFEDA850049BEA1 /* bg-iphone5.png */; };
		A64AB06D1DFEDA850049BEA1 /* bg-iphone6.png in Resources */ = {isa = PBXBuildFile; fileRef = A64AB0571DFEDA850049BEA1 /* bg-iphone6.png */; };
		A64AB06E1DFEDA850049BEA1 /* bg-iphone6plus.png in Resources */ = {isa = PBXBuildFile; fileRef = A64AB0581DFEDA850049BEA1 /* bg-iphone6plus.png */; };
		A64AB06F1DFEDA850049BEA1 /* bubble-empty.png in Resources */ = {isa = PBXBuildFile; fileRef = A64AB0591DFEDA850049BEA1 /* bubble-empty.png */; };
		A64AB0701DFEDA850049BEA1 /* bubble-empty@2x.png in Resources */ = {isa = PBXBuildFile; fileRef = A64AB05A1DFEDA850049BEA1 /* bubble-empty@2x.png */; };
		A64AB0711DFEDA850049BEA1 /* bubble-empty@3x.png in Resources */ = {isa = PBXBuildFile; fileRef = A64AB05B1DFEDA850049BEA1 /* bubble-empty@3x.png */; };
		A64AB0721DFEDA850049BEA1 /* bubble-selected.png in Resources */ = {isa = PBXBuildFile; fileRef = A64AB05C1DFEDA850049BEA1 /* bubble-selected.png */; };
		A64AB0731DFEDA850049BEA1 /* bubble-selected@2x.png in Resources */ = {isa = PBXBuildFile; fileRef = A64AB05D1DFEDA850049BEA1 /* bubble-selected@2x.png */; };
		A64AB0741DFEDA850049BEA1 /* bubble-selected@3x.png in Resources */ = {isa = PBXBuildFile; fileRef = A64AB05E1DFEDA850049BEA1 /* bubble-selected@3x.png */; };
		A64AB0751DFEDA850049BEA1 /* Contents.json in Resources */ = {isa = PBXBuildFile; fileRef = A64AB05F1DFEDA850049BEA1 /* Contents.json */; };
		A64AB0761DFEDA850049BEA1 /* iTunesArtwork.png in Resources */ = {isa = PBXBuildFile; fileRef = A64AB0601DFEDA850049BEA1 /* iTunesArtwork.png */; };
		A64AB0771DFEDA850049BEA1 /* Movie_industry_icons_Line-17-512.png in Resources */ = {isa = PBXBuildFile; fileRef = A64AB0611DFEDA850049BEA1 /* Movie_industry_icons_Line-17-512.png */; };
		A64AB0781DFEDA850049BEA1 /* movie-night-ios-05.png in Resources */ = {isa = PBXBuildFile; fileRef = A64AB0621DFEDA850049BEA1 /* movie-night-ios-05.png */; };
		A64AB0791DFEDA850049BEA1 /* movie-night-ios-06.png in Resources */ = {isa = PBXBuildFile; fileRef = A64AB0631DFEDA850049BEA1 /* movie-night-ios-06.png */; };
		A64AB07A1DFEDA850049BEA1 /* movie-night-ios-07.png in Resources */ = {isa = PBXBuildFile; fileRef = A64AB0641DFEDA850049BEA1 /* movie-night-ios-07.png */; };
		A64AB07B1DFEDA850049BEA1 /* movie-night-ios.ai in Resources */ = {isa = PBXBuildFile; fileRef = A64AB0651DFEDA850049BEA1 /* movie-night-ios.ai */; };
		A64AB07C1DFEDA850049BEA1 /* play_movie_3-512.png in Resources */ = {isa = PBXBuildFile; fileRef = A64AB0661DFEDA850049BEA1 /* play_movie_3-512.png */; };
		A64AB07D1DFEDA850049BEA1 /* popcorn.png in Resources */ = {isa = PBXBuildFile; fileRef = A64AB0671DFEDA850049BEA1 /* popcorn.png */; };
		A64AB07F1DFEDE6F0049BEA1 /* SelectGenresViewController.swift in Sources */ = {isa = PBXBuildFile; fileRef = A64AB07E1DFEDE6F0049BEA1 /* SelectGenresViewController.swift */; };
		A64AB0811DFEDF230049BEA1 /* Weights.swift in Sources */ = {isa = PBXBuildFile; fileRef = A64AB0801DFEDF230049BEA1 /* Weights.swift */; };
		A64AB0831DFFCFBA0049BEA1 /* Genres.swift in Sources */ = {isa = PBXBuildFile; fileRef = A64AB0821DFFCFBA0049BEA1 /* Genres.swift */; };
		A64AB0861E0011720049BEA1 /* SelectActorsViewController.swift in Sources */ = {isa = PBXBuildFile; fileRef = A64AB0851E0011720049BEA1 /* SelectActorsViewController.swift */; };
		A64AB0881E0019C80049BEA1 /* Actor.swift in Sources */ = {isa = PBXBuildFile; fileRef = A64AB0871E0019C80049BEA1 /* Actor.swift */; };
		A64AB08A1E0025530049BEA1 /* ViewResultsController.swift in Sources */ = {isa = PBXBuildFile; fileRef = A64AB0891E0025530049BEA1 /* ViewResultsController.swift */; };
		A64AB08D1E0028190049BEA1 /* Rating.swift in Sources */ = {isa = PBXBuildFile; fileRef = A64AB08C1E0028190049BEA1 /* Rating.swift */; };
		A64AB08F1E011BF30049BEA1 /* DictionarySort.swift in Sources */ = {isa = PBXBuildFile; fileRef = A64AB08E1E011BF30049BEA1 /* DictionarySort.swift */; };
		A64AB0911E011D240049BEA1 /* FindById.swift in Sources */ = {isa = PBXBuildFile; fileRef = A64AB0901E011D240049BEA1 /* FindById.swift */; };
		A664BF551DFD6A69003F8231 /* ExtensionUIImageView.swift in Sources */ = {isa = PBXBuildFile; fileRef = A664BF541DFD6A69003F8231 /* ExtensionUIImageView.swift */; };
		A67511951E0282DC004CE256 /* MovieDetailsViewController.swift in Sources */ = {isa = PBXBuildFile; fileRef = A67511941E0282DC004CE256 /* MovieDetailsViewController.swift */; };
		A67511981E028376004CE256 /* MovieDetails.swift in Sources */ = {isa = PBXBuildFile; fileRef = A67511971E028376004CE256 /* MovieDetails.swift */; };
		A675119A1E02923D004CE256 /* ResizeUIImage.swift in Sources */ = {isa = PBXBuildFile; fileRef = A67511991E02923D004CE256 /* ResizeUIImage.swift */; };
		A6946DF51E0187E200C8513F /* Result.swift in Sources */ = {isa = PBXBuildFile; fileRef = A6946DF41E0187E200C8513F /* Result.swift */; };
/* End PBXBuildFile section */

/* Begin PBXFileReference section */
		A628CC491DFAB1FA0008577A /* MovieNight.app */ = {isa = PBXFileReference; explicitFileType = wrapper.application; includeInIndex = 0; path = MovieNight.app; sourceTree = BUILT_PRODUCTS_DIR; };
		A628CC4C1DFAB1FA0008577A /* AppDelegate.swift */ = {isa = PBXFileReference; lastKnownFileType = sourcecode.swift; path = AppDelegate.swift; sourceTree = "<group>"; };
		A628CC4E1DFAB1FA0008577A /* ViewController.swift */ = {isa = PBXFileReference; lastKnownFileType = sourcecode.swift; path = ViewController.swift; sourceTree = "<group>"; };
		A628CC531DFAB1FA0008577A /* Assets.xcassets */ = {isa = PBXFileReference; lastKnownFileType = folder.assetcatalog; path = Assets.xcassets; sourceTree = "<group>"; };
		A628CC561DFAB1FA0008577A /* Base */ = {isa = PBXFileReference; lastKnownFileType = file.storyboard; name = Base; path = Base.lproj/LaunchScreen.storyboard; sourceTree = "<group>"; };
		A628CC581DFAB1FA0008577A /* Info.plist */ = {isa = PBXFileReference; lastKnownFileType = text.plist.xml; path = Info.plist; sourceTree = "<group>"; };
		A628CC841DFABDEC0008577A /* APIClient.swift */ = {isa = PBXFileReference; fileEncoding = 4; lastKnownFileType = sourcecode.swift; path = APIClient.swift; sourceTree = "<group>"; };
		A628CC871DFABE110008577A /* HTTPStatusCodeError.swift */ = {isa = PBXFileReference; fileEncoding = 4; lastKnownFileType = sourcecode.swift; path = HTTPStatusCodeError.swift; sourceTree = "<group>"; };
		A628CC891DFABED50008577A /* ResourceAPIClient.swift */ = {isa = PBXFileReference; fileEncoding = 4; lastKnownFileType = sourcecode.swift; path = ResourceAPIClient.swift; sourceTree = "<group>"; };
		A628CC8C1DFAC1160008577A /* Resource.swift */ = {isa = PBXFileReference; fileEncoding = 4; lastKnownFileType = sourcecode.swift; path = Resource.swift; sourceTree = "<group>"; };
		A628CC8E1DFAC1610008577A /* Movie.swift */ = {isa = PBXFileReference; fileEncoding = 4; lastKnownFileType = sourcecode.swift; path = Movie.swift; sourceTree = "<group>"; };
		A628CC901DFAC2800008577A /* Genre.swift */ = {isa = PBXFileReference; fileEncoding = 4; lastKnownFileType = sourcecode.swift; path = Genre.swift; sourceTree = "<group>"; };
		A628CC921DFAC2BF0008577A /* ProductionCompany.swift */ = {isa = PBXFileReference; fileEncoding = 4; lastKnownFileType = sourcecode.swift; path = ProductionCompany.swift; sourceTree = "<group>"; };
		A628CC941DFAC3100008577A /* ProductionCountry.swift */ = {isa = PBXFileReference; fileEncoding = 4; lastKnownFileType = sourcecode.swift; path = ProductionCountry.swift; sourceTree = "<group>"; };
		A628CC961DFAC35B0008577A /* SpokenLanguage.swift */ = {isa = PBXFileReference; fileEncoding = 4; lastKnownFileType = sourcecode.swift; path = SpokenLanguage.swift; sourceTree = "<group>"; };
		A628CC981DFAC9AC0008577A /* MovieHead.swift */ = {isa = PBXFileReference; fileEncoding = 4; lastKnownFileType = sourcecode.swift; path = MovieHead.swift; sourceTree = "<group>"; };
		A628CC9A1DFACD1B0008577A /* Collection.swift */ = {isa = PBXFileReference; fileEncoding = 4; lastKnownFileType = sourcecode.swift; path = Collection.swift; sourceTree = "<group>"; };
		A628CC9C1DFAE6DB0008577A /* Credits.swift */ = {isa = PBXFileReference; fileEncoding = 4; lastKnownFileType = sourcecode.swift; path = Credits.swift; sourceTree = "<group>"; };
		A628CC9E1DFAE6E60008577A /* Cast.swift */ = {isa = PBXFileReference; fileEncoding = 4; lastKnownFileType = sourcecode.swift; path = Cast.swift; sourceTree = "<group>"; };
		A628CCA01DFAE82F0008577A /* Crew.swift */ = {isa = PBXFileReference; fileEncoding = 4; lastKnownFileType = sourcecode.swift; path = Crew.swift; sourceTree = "<group>"; };
		A628CCA21DFB068B0008577A /* Keyword.swift */ = {isa = PBXFileReference; fileEncoding = 4; lastKnownFileType = sourcecode.swift; path = Keyword.swift; sourceTree = "<group>"; };
		A628CCA41DFB072C0008577A /* Keywords.swift */ = {isa = PBXFileReference; fileEncoding = 4; lastKnownFileType = sourcecode.swift; path = Keywords.swift; sourceTree = "<group>"; };
		A628CCA61DFBF5C10008577A /* Pic.swift */ = {isa = PBXFileReference; fileEncoding = 4; lastKnownFileType = sourcecode.swift; path = Pic.swift; sourceTree = "<group>"; };
		A628CCA81DFBF7360008577A /* Image.swift */ = {isa = PBXFileReference; fileEncoding = 4; lastKnownFileType = sourcecode.swift; path = Image.swift; sourceTree = "<group>"; };
		A628CCAA1DFBF94C0008577A /* Person.swift */ = {isa = PBXFileReference; fileEncoding = 4; lastKnownFileType = sourcecode.swift; path = Person.swift; sourceTree = "<group>"; };
		A628CCAC1DFBFE4F0008577A /* PersonImage.swift */ = {isa = PBXFileReference; fileEncoding = 4; lastKnownFileType = sourcecode.swift; path = PersonImage.swift; sourceTree = "<group>"; };
		A628CCAF1DFC00930008577A /* ConfigurationImage.swift */ = {isa = PBXFileReference; fileEncoding = 4; lastKnownFileType = sourcecode.swift; path = ConfigurationImage.swift; sourceTree = "<group>"; };
		A628CCB11DFC01920008577A /* Configuration.swift */ = {isa = PBXFileReference; fileEncoding = 4; lastKnownFileType = sourcecode.swift; path = Configuration.swift; sourceTree = "<group>"; };
		A628CCB41DFC05BB0008577A /* StringArrayExtension.swift */ = {isa = PBXFileReference; fileEncoding = 4; lastKnownFileType = sourcecode.swift; path = StringArrayExtension.swift; sourceTree = "<group>"; };
		A628CCBC1DFC149C0008577A /* Timezone.swift */ = {isa = PBXFileReference; fileEncoding = 4; lastKnownFileType = sourcecode.swift; path = Timezone.swift; sourceTree = "<group>"; };
		A628CCC11DFC2BBC0008577A /* Jobs.swift */ = {isa = PBXFileReference; fileEncoding = 4; lastKnownFileType = sourcecode.swift; path = Jobs.swift; sourceTree = "<group>"; };
		A628CCC31DFC2C480008577A /* Job.swift */ = {isa = PBXFileReference; fileEncoding = 4; lastKnownFileType = sourcecode.swift; path = Job.swift; sourceTree = "<group>"; };
		A628CCC61DFC37970008577A /* Page.swift */ = {isa = PBXFileReference; fileEncoding = 4; lastKnownFileType = sourcecode.swift; path = Page.swift; sourceTree = "<group>"; };
		A64AB03F1DFE97D30049BEA1 /* SelectWeightsViewController.swift */ = {isa = PBXFileReference; fileEncoding = 4; lastKnownFileType = sourcecode.swift; name = SelectWeightsViewController.swift; path = ../SelectWeightsViewController.swift; sourceTree = "<group>"; };
		A64AB0421DFE9D370049BEA1 /* Watcher.swift */ = {isa = PBXFileReference; fileEncoding = 4; lastKnownFileType = sourcecode.swift; path = Watcher.swift; sourceTree = "<group>"; };
		A64AB0461DFED1800049BEA1 /* AppColors.swift */ = {isa = PBXFileReference; fileEncoding = 4; lastKnownFileType = sourcecode.swift; path = AppColors.swift; sourceTree = "<group>"; };
		A64AB0521DFEDA850049BEA1 /* appicon.png */ = {isa = PBXFileReference; lastKnownFileType = image.png; name = appicon.png; path = MovieNight/Assets.xcassets/appicon.png; sourceTree = "<group>"; };
		A64AB0531DFEDA850049BEA1 /* appicon@2x.png */ = {isa = PBXFileReference; lastKnownFileType = image.png; name = "appicon@2x.png"; path = "MovieNight/Assets.xcassets/appicon@2x.png"; sourceTree = "<group>"; };
		A64AB0541DFEDA850049BEA1 /* appicon@3x.png */ = {isa = PBXFileReference; lastKnownFileType = image.png; name = "appicon@3x.png"; path = "MovieNight/Assets.xcassets/appicon@3x.png"; sourceTree = "<group>"; };
		A64AB0551DFEDA850049BEA1 /* bg-iphone4.png */ = {isa = PBXFileReference; lastKnownFileType = image.png; name = "bg-iphone4.png"; path = "MovieNight/Assets.xcassets/bg-iphone4.png"; sourceTree = "<group>"; };
		A64AB0561DFEDA850049BEA1 /* bg-iphone5.png */ = {isa = PBXFileReference; lastKnownFileType = image.png; name = "bg-iphone5.png"; path = "MovieNight/Assets.xcassets/bg-iphone5.png"; sourceTree = "<group>"; };
		A64AB0571DFEDA850049BEA1 /* bg-iphone6.png */ = {isa = PBXFileReference; lastKnownFileType = image.png; name = "bg-iphone6.png"; path = "MovieNight/Assets.xcassets/bg-iphone6.png"; sourceTree = "<group>"; };
		A64AB0581DFEDA850049BEA1 /* bg-iphone6plus.png */ = {isa = PBXFileReference; lastKnownFileType = image.png; name = "bg-iphone6plus.png"; path = "MovieNight/Assets.xcassets/bg-iphone6plus.png"; sourceTree = "<group>"; };
		A64AB0591DFEDA850049BEA1 /* bubble-empty.png */ = {isa = PBXFileReference; lastKnownFileType = image.png; name = "bubble-empty.png"; path = "MovieNight/Assets.xcassets/bubble-empty.png"; sourceTree = "<group>"; };
		A64AB05A1DFEDA850049BEA1 /* bubble-empty@2x.png */ = {isa = PBXFileReference; lastKnownFileType = image.png; name = "bubble-empty@2x.png"; path = "MovieNight/Assets.xcassets/bubble-empty@2x.png"; sourceTree = "<group>"; };
		A64AB05B1DFEDA850049BEA1 /* bubble-empty@3x.png */ = {isa = PBXFileReference; lastKnownFileType = image.png; name = "bubble-empty@3x.png"; path = "MovieNight/Assets.xcassets/bubble-empty@3x.png"; sourceTree = "<group>"; };
		A64AB05C1DFEDA850049BEA1 /* bubble-selected.png */ = {isa = PBXFileReference; lastKnownFileType = image.png; name = "bubble-selected.png"; path = "MovieNight/Assets.xcassets/bubble-selected.png"; sourceTree = "<group>"; };
		A64AB05D1DFEDA850049BEA1 /* bubble-selected@2x.png */ = {isa = PBXFileReference; lastKnownFileType = image.png; name = "bubble-selected@2x.png"; path = "MovieNight/Assets.xcassets/bubble-selected@2x.png"; sourceTree = "<group>"; };
		A64AB05E1DFEDA850049BEA1 /* bubble-selected@3x.png */ = {isa = PBXFileReference; lastKnownFileType = image.png; name = "bubble-selected@3x.png"; path = "MovieNight/Assets.xcassets/bubble-selected@3x.png"; sourceTree = "<group>"; };
		A64AB05F1DFEDA850049BEA1 /* Contents.json */ = {isa = PBXFileReference; fileEncoding = 4; lastKnownFileType = text.json; name = Contents.json; path = MovieNight/Assets.xcassets/Contents.json; sourceTree = "<group>"; };
		A64AB0601DFEDA850049BEA1 /* iTunesArtwork.png */ = {isa = PBXFileReference; lastKnownFileType = image.png; name = iTunesArtwork.png; path = MovieNight/Assets.xcassets/iTunesArtwork.png; sourceTree = "<group>"; };
		A64AB0611DFEDA850049BEA1 /* Movie_industry_icons_Line-17-512.png */ = {isa = PBXFileReference; lastKnownFileType = image.png; name = "Movie_industry_icons_Line-17-512.png"; path = "MovieNight/Assets.xcassets/Movie_industry_icons_Line-17-512.png"; sourceTree = "<group>"; };
		A64AB0621DFEDA850049BEA1 /* movie-night-ios-05.png */ = {isa = PBXFileReference; lastKnownFileType = image.png; name = "movie-night-ios-05.png"; path = "MovieNight/Assets.xcassets/movie-night-ios-05.png"; sourceTree = "<group>"; };
		A64AB0631DFEDA850049BEA1 /* movie-night-ios-06.png */ = {isa = PBXFileReference; lastKnownFileType = image.png; name = "movie-night-ios-06.png"; path = "MovieNight/Assets.xcassets/movie-night-ios-06.png"; sourceTree = "<group>"; };
		A64AB0641DFEDA850049BEA1 /* movie-night-ios-07.png */ = {isa = PBXFileReference; lastKnownFileType = image.png; name = "movie-night-ios-07.png"; path = "MovieNight/Assets.xcassets/movie-night-ios-07.png"; sourceTree = "<group>"; };
		A64AB0651DFEDA850049BEA1 /* movie-night-ios.ai */ = {isa = PBXFileReference; fileEncoding = 4; lastKnownFileType = text; name = "movie-night-ios.ai"; path = "MovieNight/Assets.xcassets/movie-night-ios.ai"; sourceTree = "<group>"; };
		A64AB0661DFEDA850049BEA1 /* play_movie_3-512.png */ = {isa = PBXFileReference; lastKnownFileType = image.png; name = "play_movie_3-512.png"; path = "MovieNight/Assets.xcassets/play_movie_3-512.png"; sourceTree = "<group>"; };
		A64AB0671DFEDA850049BEA1 /* popcorn.png */ = {isa = PBXFileReference; lastKnownFileType = image.png; name = popcorn.png; path = MovieNight/Assets.xcassets/popcorn.png; sourceTree = "<group>"; };
		A64AB07E1DFEDE6F0049BEA1 /* SelectGenresViewController.swift */ = {isa = PBXFileReference; fileEncoding = 4; lastKnownFileType = sourcecode.swift; name = SelectGenresViewController.swift; path = ../SelectGenresViewController.swift; sourceTree = "<group>"; };
		A64AB0801DFEDF230049BEA1 /* Weights.swift */ = {isa = PBXFileReference; fileEncoding = 4; lastKnownFileType = sourcecode.swift; path = Weights.swift; sourceTree = "<group>"; };
		A64AB0821DFFCFBA0049BEA1 /* Genres.swift */ = {isa = PBXFileReference; fileEncoding = 4; lastKnownFileType = sourcecode.swift; path = Genres.swift; sourceTree = "<group>"; };
		A64AB0851E0011720049BEA1 /* SelectActorsViewController.swift */ = {isa = PBXFileReference; fileEncoding = 4; lastKnownFileType = sourcecode.swift; path = SelectActorsViewController.swift; sourceTree = "<group>"; };
		A64AB0871E0019C80049BEA1 /* Actor.swift */ = {isa = PBXFileReference; fileEncoding = 4; lastKnownFileType = sourcecode.swift; path = Actor.swift; sourceTree = "<group>"; };
		A64AB0891E0025530049BEA1 /* ViewResultsController.swift */ = {isa = PBXFileReference; fileEncoding = 4; lastKnownFileType = sourcecode.swift; path = ViewResultsController.swift; sourceTree = "<group>"; };
		A64AB08C1E0028190049BEA1 /* Rating.swift */ = {isa = PBXFileReference; fileEncoding = 4; lastKnownFileType = sourcecode.swift; path = Rating.swift; sourceTree = "<group>"; };
		A64AB08E1E011BF30049BEA1 /* DictionarySort.swift */ = {isa = PBXFileReference; fileEncoding = 4; lastKnownFileType = sourcecode.swift; path = DictionarySort.swift; sourceTree = "<group>"; };
		A64AB0901E011D240049BEA1 /* FindById.swift */ = {isa = PBXFileReference; fileEncoding = 4; lastKnownFileType = sourcecode.swift; path = FindById.swift; sourceTree = "<group>"; };
		A664BF541DFD6A69003F8231 /* ExtensionUIImageView.swift */ = {isa = PBXFileReference; fileEncoding = 4; lastKnownFileType = sourcecode.swift; path = ExtensionUIImageView.swift; sourceTree = "<group>"; };
		A67511941E0282DC004CE256 /* MovieDetailsViewController.swift */ = {isa = PBXFileReference; fileEncoding = 4; lastKnownFileType = sourcecode.swift; path = MovieDetailsViewController.swift; sourceTree = "<group>"; };
		A67511971E028376004CE256 /* MovieDetails.swift */ = {isa = PBXFileReference; fileEncoding = 4; lastKnownFileType = sourcecode.swift; path = MovieDetails.swift; sourceTree = "<group>"; };
		A67511991E02923D004CE256 /* ResizeUIImage.swift */ = {isa = PBXFileReference; fileEncoding = 4; lastKnownFileType = sourcecode.swift; path = ResizeUIImage.swift; sourceTree = "<group>"; };
		A6946DF41E0187E200C8513F /* Result.swift */ = {isa = PBXFileReference; fileEncoding = 4; lastKnownFileType = sourcecode.swift; path = Result.swift; sourceTree = "<group>"; };
/* End PBXFileReference section */

/* Begin PBXFrameworksBuildPhase section */
		A628CC461DFAB1FA0008577A /* Frameworks */ = {
			isa = PBXFrameworksBuildPhase;
			buildActionMask = 2147483647;
			files = (
			);
			runOnlyForDeploymentPostprocessing = 0;
		};
/* End PBXFrameworksBuildPhase section */

/* Begin PBXGroup section */
		A628CC401DFAB1FA0008577A = {
			isa = PBXGroup;
			children = (
				A628CC4B1DFAB1FA0008577A /* MovieNight */,
				A628CC4A1DFAB1FA0008577A /* Products */,
			);
			sourceTree = "<group>";
		};
		A628CC4A1DFAB1FA0008577A /* Products */ = {
			isa = PBXGroup;
			children = (
				A628CC491DFAB1FA0008577A /* MovieNight.app */,
			);
			name = Products;
			sourceTree = "<group>";
		};
		A628CC4B1DFAB1FA0008577A /* MovieNight */ = {
			isa = PBXGroup;
			children = (
				A628CC4C1DFAB1FA0008577A /* AppDelegate.swift */,
				A628CC4E1DFAB1FA0008577A /* ViewController.swift */,
				A64AB03F1DFE97D30049BEA1 /* SelectWeightsViewController.swift */,
				A64AB07E1DFEDE6F0049BEA1 /* SelectGenresViewController.swift */,
				A64AB0851E0011720049BEA1 /* SelectActorsViewController.swift */,
				A64AB0891E0025530049BEA1 /* ViewResultsController.swift */,
				A67511941E0282DC004CE256 /* MovieDetailsViewController.swift */,
				A628CC821DFABDBB0008577A /* Model */,
				A628CCB31DFC05A60008577A /* Helpers */,
				A628CC811DFAB3070008577A /* Resources */,
				A628CC531DFAB1FA0008577A /* Assets.xcassets */,
				A628CC551DFAB1FA0008577A /* LaunchScreen.storyboard */,
				A628CC581DFAB1FA0008577A /* Info.plist */,
			);
			path = MovieNight;
			sourceTree = "<group>";
		};
		A628CC811DFAB3070008577A /* Resources */ = {
			isa = PBXGroup;
			children = (
				A64AB0521DFEDA850049BEA1 /* appicon.png */,
				A64AB0531DFEDA850049BEA1 /* appicon@2x.png */,
				A64AB0541DFEDA850049BEA1 /* appicon@3x.png */,
				A64AB0551DFEDA850049BEA1 /* bg-iphone4.png */,
				A64AB0561DFEDA850049BEA1 /* bg-iphone5.png */,
				A64AB0571DFEDA850049BEA1 /* bg-iphone6.png */,
				A64AB0581DFEDA850049BEA1 /* bg-iphone6plus.png */,
				A64AB0591DFEDA850049BEA1 /* bubble-empty.png */,
				A64AB05A1DFEDA850049BEA1 /* bubble-empty@2x.png */,
				A64AB05B1DFEDA850049BEA1 /* bubble-empty@3x.png */,
				A64AB05C1DFEDA850049BEA1 /* bubble-selected.png */,
				A64AB05D1DFEDA850049BEA1 /* bubble-selected@2x.png */,
				A64AB05E1DFEDA850049BEA1 /* bubble-selected@3x.png */,
				A64AB05F1DFEDA850049BEA1 /* Contents.json */,
				A64AB0601DFEDA850049BEA1 /* iTunesArtwork.png */,
				A64AB0611DFEDA850049BEA1 /* Movie_industry_icons_Line-17-512.png */,
				A64AB0621DFEDA850049BEA1 /* movie-night-ios-05.png */,
				A64AB0631DFEDA850049BEA1 /* movie-night-ios-06.png */,
				A64AB0641DFEDA850049BEA1 /* movie-night-ios-07.png */,
				A64AB0651DFEDA850049BEA1 /* movie-night-ios.ai */,
				A64AB0661DFEDA850049BEA1 /* play_movie_3-512.png */,
				A64AB0671DFEDA850049BEA1 /* popcorn.png */,
			);
			name = Resources;
			path = ..;
			sourceTree = "<group>";
		};
		A628CC821DFABDBB0008577A /* Model */ = {
			isa = PBXGroup;
			children = (
				A67511961E02835E004CE256 /* MovieDetails */,
				A6946DF31E01879300C8513F /* Result */,
				A64AB08B1E00280C0049BEA1 /* Rating */,
				A64AB0411DFE9D240049BEA1 /* Watcher */,
				A628CC8B1DFAC1070008577A /* Resources */,
				A628CC861DFABE020008577A /* Errors */,
				A628CC831DFABDC60008577A /* API */,
			);
			name = Model;
			path = ..;
			sourceTree = "<group>";
		};
		A628CC831DFABDC60008577A /* API */ = {
			isa = PBXGroup;
			children = (
				A628CC841DFABDEC0008577A /* APIClient.swift */,
				A628CC891DFABED50008577A /* ResourceAPIClient.swift */,
			);
			name = API;
			sourceTree = "<group>";
		};
		A628CC861DFABE020008577A /* Errors */ = {
			isa = PBXGroup;
			children = (
				A628CC871DFABE110008577A /* HTTPStatusCodeError.swift */,
			);
			name = Errors;
			sourceTree = "<group>";
		};
		A628CC8B1DFAC1070008577A /* Resources */ = {
			isa = PBXGroup;
			children = (
				A628CC8C1DFAC1160008577A /* Resource.swift */,
				A628CCC51DFC37890008577A /* Page */,
				A628CCC01DFC2BA80008577A /* Jobs */,
				A628CCBA1DFC14360008577A /* Person */,
				A628CCB91DFC14270008577A /* Images */,
				A628CCB81DFC13FB0008577A /* Collection */,
				A628CCB71DFC13ED0008577A /* Credits */,
				A628CCB61DFC13BD0008577A /* Movie */,
				A64AB0841DFFD0650049BEA1 /* Genres */,
				A628CCAE1DFC007D0008577A /* Configuration */,
				A628CCBB1DFC14780008577A /* Timezone */,
			);
			name = Resources;
			sourceTree = "<group>";
		};
		A628CCAE1DFC007D0008577A /* Configuration */ = {
			isa = PBXGroup;
			children = (
				A628CCAF1DFC00930008577A /* ConfigurationImage.swift */,
				A628CCB11DFC01920008577A /* Configuration.swift */,
			);
			name = Configuration;
			sourceTree = "<group>";
		};
		A628CCB31DFC05A60008577A /* Helpers */ = {
			isa = PBXGroup;
			children = (
				A628CCB41DFC05BB0008577A /* StringArrayExtension.swift */,
				A664BF541DFD6A69003F8231 /* ExtensionUIImageView.swift */,
				A64AB0461DFED1800049BEA1 /* AppColors.swift */,
				A64AB08E1E011BF30049BEA1 /* DictionarySort.swift */,
				A64AB0901E011D240049BEA1 /* FindById.swift */,
				A67511991E02923D004CE256 /* ResizeUIImage.swift */,
			);
			name = Helpers;
			path = ..;
			sourceTree = "<group>";
		};
		A628CCB61DFC13BD0008577A /* Movie */ = {
			isa = PBXGroup;
			children = (
				A628CC8E1DFAC1610008577A /* Movie.swift */,
				A628CC901DFAC2800008577A /* Genre.swift */,
				A628CC921DFAC2BF0008577A /* ProductionCompany.swift */,
				A628CC941DFAC3100008577A /* ProductionCountry.swift */,
				A628CC961DFAC35B0008577A /* SpokenLanguage.swift */,
				A628CCA21DFB068B0008577A /* Keyword.swift */,
				A628CCA41DFB072C0008577A /* Keywords.swift */,
				A628CCA81DFBF7360008577A /* Image.swift */,
			);
			name = Movie;
			sourceTree = "<group>";
		};
		A628CCB71DFC13ED0008577A /* Credits */ = {
			isa = PBXGroup;
			children = (
				A628CC9E1DFAE6E60008577A /* Cast.swift */,
				A628CCA01DFAE82F0008577A /* Crew.swift */,
				A628CC9C1DFAE6DB0008577A /* Credits.swift */,
			);
			name = Credits;
			sourceTree = "<group>";
		};
		A628CCB81DFC13FB0008577A /* Collection */ = {
			isa = PBXGroup;
			children = (
				A628CC981DFAC9AC0008577A /* MovieHead.swift */,
				A628CC9A1DFACD1B0008577A /* Collection.swift */,
			);
			name = Collection;
			sourceTree = "<group>";
		};
		A628CCB91DFC14270008577A /* Images */ = {
			isa = PBXGroup;
			children = (
				A628CCA61DFBF5C10008577A /* Pic.swift */,
			);
			name = Images;
			sourceTree = "<group>";
		};
		A628CCBA1DFC14360008577A /* Person */ = {
			isa = PBXGroup;
			children = (
				A628CCAC1DFBFE4F0008577A /* PersonImage.swift */,
				A628CCAA1DFBF94C0008577A /* Person.swift */,
				A64AB0871E0019C80049BEA1 /* Actor.swift */,
			);
			name = Person;
			sourceTree = "<group>";
		};
		A628CCBB1DFC14780008577A /* Timezone */ = {
			isa = PBXGroup;
			children = (
				A628CCBC1DFC149C0008577A /* Timezone.swift */,
			);
			name = Timezone;
			sourceTree = "<group>";
		};
		A628CCC01DFC2BA80008577A /* Jobs */ = {
			isa = PBXGroup;
			children = (
				A628CCC11DFC2BBC0008577A /* Jobs.swift */,
				A628CCC31DFC2C480008577A /* Job.swift */,
			);
			name = Jobs;
			sourceTree = "<group>";
		};
		A628CCC51DFC37890008577A /* Page */ = {
			isa = PBXGroup;
			children = (
				A628CCC61DFC37970008577A /* Page.swift */,
			);
			name = Page;
			sourceTree = "<group>";
		};
		A64AB0411DFE9D240049BEA1 /* Watcher */ = {
			isa = PBXGroup;
			children = (
				A64AB0421DFE9D370049BEA1 /* Watcher.swift */,
				A64AB0801DFEDF230049BEA1 /* Weights.swift */,
			);
			name = Watcher;
			sourceTree = "<group>";
		};
		A64AB0841DFFD0650049BEA1 /* Genres */ = {
			isa = PBXGroup;
			children = (
				A64AB0821DFFCFBA0049BEA1 /* Genres.swift */,
			);
			name = Genres;
			sourceTree = "<group>";
		};
		A64AB08B1E00280C0049BEA1 /* Rating */ = {
			isa = PBXGroup;
			children = (
				A64AB08C1E0028190049BEA1 /* Rating.swift */,
			);
			name = Rating;
			sourceTree = "<group>";
		};
		A67511961E02835E004CE256 /* MovieDetails */ = {
			isa = PBXGroup;
			children = (
				A67511971E028376004CE256 /* MovieDetails.swift */,
			);
			name = MovieDetails;
			sourceTree = "<group>";
		};
		A6946DF31E01879300C8513F /* Result */ = {
			isa = PBXGroup;
			children = (
				A6946DF41E0187E200C8513F /* Result.swift */,
			);
			name = Result;
			sourceTree = "<group>";
		};
/* End PBXGroup section */

/* Begin PBXNativeTarget section */
		A628CC481DFAB1FA0008577A /* MovieNight */ = {
			isa = PBXNativeTarget;
			buildConfigurationList = A628CC5B1DFAB1FA0008577A /* Build configuration list for PBXNativeTarget "MovieNight" */;
			buildPhases = (
				A628CC451DFAB1FA0008577A /* Sources */,
				A628CC461DFAB1FA0008577A /* Frameworks */,
				A628CC471DFAB1FA0008577A /* Resources */,
			);
			buildRules = (
			);
			dependencies = (
			);
			name = MovieNight;
			productName = MovieNight;
			productReference = A628CC491DFAB1FA0008577A /* MovieNight.app */;
			productType = "com.apple.product-type.application";
		};
/* End PBXNativeTarget section */

/* Begin PBXProject section */
		A628CC411DFAB1FA0008577A /* Project object */ = {
			isa = PBXProject;
			attributes = {
				LastSwiftUpdateCheck = 0810;
				LastUpgradeCheck = 0820;
				ORGANIZATIONNAME = zzheads;
				TargetAttributes = {
					A628CC481DFAB1FA0008577A = {
						CreatedOnToolsVersion = 8.1;
						DevelopmentTeam = RS93W547X8;
						ProvisioningStyle = Automatic;
					};
				};
			};
			buildConfigurationList = A628CC441DFAB1FA0008577A /* Build configuration list for PBXProject "MovieNight" */;
			compatibilityVersion = "Xcode 3.2";
			developmentRegion = English;
			hasScannedForEncodings = 0;
			knownRegions = (
				en,
				Base,
			);
			mainGroup = A628CC401DFAB1FA0008577A;
			productRefGroup = A628CC4A1DFAB1FA0008577A /* Products */;
			projectDirPath = "";
			projectRoot = "";
			targets = (
				A628CC481DFAB1FA0008577A /* MovieNight */,
			);
		};
/* End PBXProject section */

/* Begin PBXResourcesBuildPhase section */
		A628CC471DFAB1FA0008577A /* Resources */ = {
			isa = PBXResourcesBuildPhase;
			buildActionMask = 2147483647;
			files = (
				A64AB06D1DFEDA850049BEA1 /* bg-iphone6.png in Resources */,
				A64AB0761DFEDA850049BEA1 /* iTunesArtwork.png in Resources */,
				A64AB0781DFEDA850049BEA1 /* movie-night-ios-05.png in Resources */,
				A64AB0791DFEDA850049BEA1 /* movie-night-ios-06.png in Resources */,
				A628CC571DFAB1FA0008577A /* LaunchScreen.storyboard in Resources */,
				A64AB0691DFEDA850049BEA1 /* appicon@2x.png in Resources */,
				A64AB0751DFEDA850049BEA1 /* Contents.json in Resources */,
				A64AB07A1DFEDA850049BEA1 /* movie-night-ios-07.png in Resources */,
				A64AB06F1DFEDA850049BEA1 /* bubble-empty.png in Resources */,
				A64AB0771DFEDA850049BEA1 /* Movie_industry_icons_Line-17-512.png in Resources */,
				A64AB06E1DFEDA850049BEA1 /* bg-iphone6plus.png in Resources */,
				A64AB0711DFEDA850049BEA1 /* bubble-empty@3x.png in Resources */,
				A64AB06B1DFEDA850049BEA1 /* bg-iphone4.png in Resources */,
				A64AB0681DFEDA850049BEA1 /* appicon.png in Resources */,
				A64AB0721DFEDA850049BEA1 /* bubble-selected.png in Resources */,
				A64AB07D1DFEDA850049BEA1 /* popcorn.png in Resources */,
				A64AB06C1DFEDA850049BEA1 /* bg-iphone5.png in Resources */,
				A628CC541DFAB1FA0008577A /* Assets.xcassets in Resources */,
				A64AB0731DFEDA850049BEA1 /* bubble-selected@2x.png in Resources */,
				A64AB0701DFEDA850049BEA1 /* bubble-empty@2x.png in Resources */,
				A64AB07C1DFEDA850049BEA1 /* play_movie_3-512.png in Resources */,
				A64AB06A1DFEDA850049BEA1 /* appicon@3x.png in Resources */,
				A64AB0741DFEDA850049BEA1 /* bubble-selected@3x.png in Resources */,
				A64AB07B1DFEDA850049BEA1 /* movie-night-ios.ai in Resources */,
			);
			runOnlyForDeploymentPostprocessing = 0;
		};
/* End PBXResourcesBuildPhase section */

/* Begin PBXSourcesBuildPhase section */
		A628CC451DFAB1FA0008577A /* Sources */ = {
			isa = PBXSourcesBuildPhase;
			buildActionMask = 2147483647;
			files = (
				A628CC971DFAC35B0008577A /* SpokenLanguage.swift in Sources */,
				A628CCB01DFC00930008577A /* ConfigurationImage.swift in Sources */,
				A64AB0911E011D240049BEA1 /* FindById.swift in Sources */,
				A628CC8F1DFAC1610008577A /* Movie.swift in Sources */,
				A628CC4F1DFAB1FA0008577A /* ViewController.swift in Sources */,
				A628CCA31DFB068B0008577A /* Keyword.swift in Sources */,
				A628CC931DFAC2BF0008577A /* ProductionCompany.swift in Sources */,
				A628CCB21DFC01920008577A /* Configuration.swift in Sources */,
				A67511981E028376004CE256 /* MovieDetails.swift in Sources */,
				A628CC991DFAC9AC0008577A /* MovieHead.swift in Sources */,
				A64AB07F1DFEDE6F0049BEA1 /* SelectGenresViewController.swift in Sources */,
				A628CCBD1DFC149C0008577A /* Timezone.swift in Sources */,
				A628CC881DFABE110008577A /* HTTPStatusCodeError.swift in Sources */,
				A664BF551DFD6A69003F8231 /* ExtensionUIImageView.swift in Sources */,
				A628CCA11DFAE82F0008577A /* Crew.swift in Sources */,
				A628CC9B1DFACD1B0008577A /* Collection.swift in Sources */,
				A64AB0471DFED1800049BEA1 /* AppColors.swift in Sources */,
				A67511951E0282DC004CE256 /* MovieDetailsViewController.swift in Sources */,
				A64AB08A1E0025530049BEA1 /* ViewResultsController.swift in Sources */,
				A628CCB51DFC05BB0008577A /* StringArrayExtension.swift in Sources */,
				A628CC9F1DFAE6E60008577A /* Cast.swift in Sources */,
				A64AB08D1E0028190049BEA1 /* Rating.swift in Sources */,
				A6946DF51E0187E200C8513F /* Result.swift in Sources */,
				A628CC8D1DFAC1160008577A /* Resource.swift in Sources */,
				A64AB0861E0011720049BEA1 /* SelectActorsViewController.swift in Sources */,
				A628CC951DFAC3100008577A /* ProductionCountry.swift in Sources */,
				A628CC4D1DFAB1FA0008577A /* AppDelegate.swift in Sources */,
				A64AB0831DFFCFBA0049BEA1 /* Genres.swift in Sources */,
				A628CCAB1DFBF94C0008577A /* Person.swift in Sources */,
				A628CCAD1DFBFE4F0008577A /* PersonImage.swift in Sources */,
				A628CCC41DFC2C480008577A /* Job.swift in Sources */,
				A628CC851DFABDEC0008577A /* APIClient.swift in Sources */,
				A64AB0431DFE9D370049BEA1 /* Watcher.swift in Sources */,
				A64AB0401DFE97D30049BEA1 /* SelectWeightsViewController.swift in Sources */,
				A628CC8A1DFABED50008577A /* ResourceAPIClient.swift in Sources */,
				A675119A1E02923D004CE256 /* ResizeUIImage.swift in Sources */,
				A628CCC71DFC37970008577A /* Page.swift in Sources */,
				A64AB0881E0019C80049BEA1 /* Actor.swift in Sources */,
				A628CCA51DFB072C0008577A /* Keywords.swift in Sources */,
				A628CCC21DFC2BBC0008577A /* Jobs.swift in Sources */,
				A628CC9D1DFAE6DB0008577A /* Credits.swift in Sources */,
				A628CCA91DFBF7360008577A /* Image.swift in Sources */,
				A628CCA71DFBF5C10008577A /* Pic.swift in Sources */,
				A628CC911DFAC2800008577A /* Genre.swift in Sources */,
				A64AB0811DFEDF230049BEA1 /* Weights.swift in Sources */,
				A64AB08F1E011BF30049BEA1 /* DictionarySort.swift in Sources */,
			);
			runOnlyForDeploymentPostprocessing = 0;
		};
/* End PBXSourcesBuildPhase section */

/* Begin PBXVariantGroup section */
		A628CC551DFAB1FA0008577A /* LaunchScreen.storyboard */ = {
			isa = PBXVariantGroup;
			children = (
				A628CC561DFAB1FA0008577A /* Base */,
			);
			name = LaunchScreen.storyboard;
			sourceTree = "<group>";
		};
/* End PBXVariantGroup section */

/* Begin XCBuildConfiguration section */
		A628CC591DFAB1FA0008577A /* Debug */ = {
			isa = XCBuildConfiguration;
			buildSettings = {
				ALWAYS_SEARCH_USER_PATHS = NO;
				CLANG_ANALYZER_NONNULL = YES;
				CLANG_CXX_LANGUAGE_STANDARD = "gnu++0x";
				CLANG_CXX_LIBRARY = "libc++";
				CLANG_ENABLE_MODULES = YES;
				CLANG_ENABLE_OBJC_ARC = YES;
				CLANG_WARN_BOOL_CONVERSION = YES;
				CLANG_WARN_CONSTANT_CONVERSION = YES;
				CLANG_WARN_DIRECT_OBJC_ISA_USAGE = YES_ERROR;
				CLANG_WARN_DOCUMENTATION_COMMENTS = YES;
				CLANG_WARN_EMPTY_BODY = YES;
				CLANG_WARN_ENUM_CONVERSION = YES;
				CLANG_WARN_INFINITE_RECURSION = YES;
				CLANG_WARN_INT_CONVERSION = YES;
				CLANG_WARN_OBJC_ROOT_CLASS = YES_ERROR;
				CLANG_WARN_SUSPICIOUS_MOVE = YES;
				CLANG_WARN_SUSPICIOUS_MOVES = YES;
				CLANG_WARN_UNREACHABLE_CODE = YES;
				CLANG_WARN__DUPLICATE_METHOD_MATCH = YES;
				"CODE_SIGN_IDENTITY[sdk=iphoneos*]" = "iPhone Developer";
				COPY_PHASE_STRIP = NO;
				DEBUG_INFORMATION_FORMAT = dwarf;
				ENABLE_STRICT_OBJC_MSGSEND = YES;
				ENABLE_TESTABILITY = YES;
				GCC_C_LANGUAGE_STANDARD = gnu99;
				GCC_DYNAMIC_NO_PIC = NO;
				GCC_NO_COMMON_BLOCKS = YES;
				GCC_OPTIMIZATION_LEVEL = 0;
				GCC_PREPROCESSOR_DEFINITIONS = (
					"DEBUG=1",
					"$(inherited)",
				);
				GCC_WARN_64_TO_32_BIT_CONVERSION = YES;
				GCC_WARN_ABOUT_RETURN_TYPE = YES_ERROR;
				GCC_WARN_UNDECLARED_SELECTOR = YES;
				GCC_WARN_UNINITIALIZED_AUTOS = YES_AGGRESSIVE;
				GCC_WARN_UNUSED_FUNCTION = YES;
				GCC_WARN_UNUSED_VARIABLE = YES;
				IPHONEOS_DEPLOYMENT_TARGET = 10.1;
				MTL_ENABLE_DEBUG_INFO = YES;
				ONLY_ACTIVE_ARCH = YES;
				SDKROOT = iphoneos;
				SWIFT_ACTIVE_COMPILATION_CONDITIONS = DEBUG;
				SWIFT_OPTIMIZATION_LEVEL = "-Onone";
				TARGETED_DEVICE_FAMILY = "1,2";
			};
			name = Debug;
		};
		A628CC5A1DFAB1FA0008577A /* Release */ = {
			isa = XCBuildConfiguration;
			buildSettings = {
				ALWAYS_SEARCH_USER_PATHS = NO;
				CLANG_ANALYZER_NONNULL = YES;
				CLANG_CXX_LANGUAGE_STANDARD = "gnu++0x";
				CLANG_CXX_LIBRARY = "libc++";
				CLANG_ENABLE_MODULES = YES;
				CLANG_ENABLE_OBJC_ARC = YES;
				CLANG_WARN_BOOL_CONVERSION = YES;
				CLANG_WARN_CONSTANT_CONVERSION = YES;
				CLANG_WARN_DIRECT_OBJC_ISA_USAGE = YES_ERROR;
				CLANG_WARN_DOCUMENTATION_COMMENTS = YES;
				CLANG_WARN_EMPTY_BODY = YES;
				CLANG_WARN_ENUM_CONVERSION = YES;
				CLANG_WARN_INFINITE_RECURSION = YES;
				CLANG_WARN_INT_CONVERSION = YES;
				CLANG_WARN_OBJC_ROOT_CLASS = YES_ERROR;
				CLANG_WARN_SUSPICIOUS_MOVE = YES;
				CLANG_WARN_SUSPICIOUS_MOVES = YES;
				CLANG_WARN_UNREACHABLE_CODE = YES;
				CLANG_WARN__DUPLICATE_METHOD_MATCH = YES;
				"CODE_SIGN_IDENTITY[sdk=iphoneos*]" = "iPhone Developer";
				COPY_PHASE_STRIP = NO;
				DEBUG_INFORMATION_FORMAT = "dwarf-with-dsym";
				ENABLE_NS_ASSERTIONS = NO;
				ENABLE_STRICT_OBJC_MSGSEND = YES;
				GCC_C_LANGUAGE_STANDARD = gnu99;
				GCC_NO_COMMON_BLOCKS = YES;
				GCC_WARN_64_TO_32_BIT_CONVERSION = YES;
				GCC_WARN_ABOUT_RETURN_TYPE = YES_ERROR;
				GCC_WARN_UNDECLARED_SELECTOR = YES;
				GCC_WARN_UNINITIALIZED_AUTOS = YES_AGGRESSIVE;
				GCC_WARN_UNUSED_FUNCTION = YES;
				GCC_WARN_UNUSED_VARIABLE = YES;
				IPHONEOS_DEPLOYMENT_TARGET = 10.1;
				MTL_ENABLE_DEBUG_INFO = NO;
				SDKROOT = iphoneos;
				SWIFT_OPTIMIZATION_LEVEL = "-Owholemodule";
				TARGETED_DEVICE_FAMILY = "1,2";
				VALIDATE_PRODUCT = YES;
			};
			name = Release;
		};
		A628CC5C1DFAB1FA0008577A /* Debug */ = {
			isa = XCBuildConfiguration;
			buildSettings = {
				DEVELOPMENT_TEAM = RS93W547X8;
				INFOPLIST_FILE = MovieNight/Info.plist;
				IPHONEOS_DEPLOYMENT_TARGET = 9.0;
				LD_RUNPATH_SEARCH_PATHS = "$(inherited) @executable_path/Frameworks";
				PRODUCT_BUNDLE_IDENTIFIER = com.zzheads.MovieNight;
				PRODUCT_NAME = "$(TARGET_NAME)";
				SWIFT_VERSION = 3.0;
				TARGETED_DEVICE_FAMILY = 1;
			};
			name = Debug;
		};
		A628CC5D1DFAB1FA0008577A /* Release */ = {
			isa = XCBuildConfiguration;
			buildSettings = {
				DEVELOPMENT_TEAM = RS93W547X8;
				INFOPLIST_FILE = MovieNight/Info.plist;
				IPHONEOS_DEPLOYMENT_TARGET = 9.0;
				LD_RUNPATH_SEARCH_PATHS = "$(inherited) @executable_path/Frameworks";
				PRODUCT_BUNDLE_IDENTIFIER = com.zzheads.MovieNight;
				PRODUCT_NAME = "$(TARGET_NAME)";
				SWIFT_VERSION = 3.0;
				TARGETED_DEVICE_FAMILY = 1;
			};
			name = Release;
		};
/* End XCBuildConfiguration section */

/* Begin XCConfigurationList section */
		A628CC441DFAB1FA0008577A /* Build configuration list for PBXProject "MovieNight" */ = {
			isa = XCConfigurationList;
			buildConfigurations = (
				A628CC591DFAB1FA0008577A /* Debug */,
				A628CC5A1DFAB1FA0008577A /* Release */,
			);
			defaultConfigurationIsVisible = 0;
			defaultConfigurationName = Release;
		};
		A628CC5B1DFAB1FA0008577A /* Build configuration list for PBXNativeTarget "MovieNight" */ = {
			isa = XCConfigurationList;
			buildConfigurations = (
				A628CC5C1DFAB1FA0008577A /* Debug */,
				A628CC5D1DFAB1FA0008577A /* Release */,
			);
			defaultConfigurationIsVisible = 0;
			defaultConfigurationName = Release;
		};
/* End XCConfigurationList section */
	};
	rootObject = A628CC411DFAB1FA0008577A /* Project object */;
}
